
Microsoft Visual Studio Solution File, Format Version 12.00
# Visual Studio Version 16
VisualStudioVersion = 16.0.30011.22
MinimumVisualStudioVersion = 10.0.40219.1
Project("{9A19103F-16F7-4668-BE54-9A1E7A4F7556}") = "GridNet.IoT.Client", "GridNetIoTClient\GridNet.IoT.Client.csproj", "{768568C6-67CD-4877-88E4-AEF806076F93}"
	ProjectSection(ProjectDependencies) = postProject
		{7436730C-A397-41CD-BA16-5F177C6793D6} = {7436730C-A397-41CD-BA16-5F177C6793D6}
	EndProjectSection
EndProject
Project("{9A19103F-16F7-4668-BE54-9A1E7A4F7556}") = "GridNet.IoT.Api", "GridNetIoTApi\GridNet.IoT.Api.csproj", "{65153274-F87A-418C-89CA-6BDA24A62888}"
	ProjectSection(ProjectDependencies) = postProject
		{7436730C-A397-41CD-BA16-5F177C6793D6} = {7436730C-A397-41CD-BA16-5F177C6793D6}
	EndProjectSection
EndProject
Project("{9A19103F-16F7-4668-BE54-9A1E7A4F7556}") = "GridNet.OneM2M.Types", "GridNet.OneM2M.Types\GridNet.OneM2M.Types.csproj", "{7436730C-A397-41CD-BA16-5F177C6793D6}"
EndProject
Project("{9A19103F-16F7-4668-BE54-9A1E7A4F7556}") = "GridNet.IoT.Types", "GridNetIoTTypes\GridNet.IoT.Types.csproj", "{1291835D-A390-472B-9D6A-EBD11CE8AB91}"
EndProject
Project("{9A19103F-16F7-4668-BE54-9A1E7A4F7556}") = "GridNet.IoT.Web.React", "GridNetIoTWeb.React\GridNet.IoT.Web.React.csproj", "{7EA2C20F-9979-4103-A513-09970BC7E85C}"
EndProject
Global
	GlobalSection(SolutionConfigurationPlatforms) = preSolution
		Debug|Any CPU = Debug|Any CPU
		Release|Any CPU = Release|Any CPU
	EndGlobalSection
	GlobalSection(ProjectConfigurationPlatforms) = postSolution
		{768568C6-67CD-4877-88E4-AEF806076F93}.Debug|Any CPU.ActiveCfg = Debug|Any CPU
		{768568C6-67CD-4877-88E4-AEF806076F93}.Debug|Any CPU.Build.0 = Debug|Any CPU
		{768568C6-67CD-4877-88E4-AEF806076F93}.Release|Any CPU.ActiveCfg = Release|Any CPU
		{768568C6-67CD-4877-88E4-AEF806076F93}.Release|Any CPU.Build.0 = Release|Any CPU
		{65153274-F87A-418C-89CA-6BDA24A62888}.Debug|Any CPU.ActiveCfg = Debug|Any CPU
		{65153274-F87A-418C-89CA-6BDA24A62888}.Debug|Any CPU.Build.0 = Debug|Any CPU
		{65153274-F87A-418C-89CA-6BDA24A62888}.Release|Any CPU.ActiveCfg = Release|Any CPU
		{65153274-F87A-418C-89CA-6BDA24A62888}.Release|Any CPU.Build.0 = Release|Any CPU
		{7436730C-A397-41CD-BA16-5F177C6793D6}.Debug|Any CPU.ActiveCfg = Debug|Any CPU
		{7436730C-A397-41CD-BA16-5F177C6793D6}.Debug|Any CPU.Build.0 = Debug|Any CPU
		{7436730C-A397-41CD-BA16-5F177C6793D6}.Release|Any CPU.ActiveCfg = Release|Any CPU
		{7436730C-A397-41CD-BA16-5F177C6793D6}.Release|Any CPU.Build.0 = Release|Any CPU
		{1291835D-A390-472B-9D6A-EBD11CE8AB91}.Debug|Any CPU.ActiveCfg = Debug|Any CPU
		{1291835D-A390-472B-9D6A-EBD11CE8AB91}.Debug|Any CPU.Build.0 = Debug|Any CPU
		{1291835D-A390-472B-9D6A-EBD11CE8AB91}.Release|Any CPU.ActiveCfg = Release|Any CPU
		{1291835D-A390-472B-9D6A-EBD11CE8AB91}.Release|Any CPU.Build.0 = Release|Any CPU
		{7EA2C20F-9979-4103-A513-09970BC7E85C}.Debug|Any CPU.ActiveCfg = Debug|Any CPU
		{7EA2C20F-9979-4103-A513-09970BC7E85C}.Debug|Any CPU.Build.0 = Debug|Any CPU
		{7EA2C20F-9979-4103-A513-09970BC7E85C}.Release|Any CPU.ActiveCfg = Release|Any CPU
		{7EA2C20F-9979-4103-A513-09970BC7E85C}.Release|Any CPU.Build.0 = Release|Any CPU
	EndGlobalSection
	GlobalSection(SolutionProperties) = preSolution
		HideSolutionNode = FALSE
	EndGlobalSection
	GlobalSection(ExtensibilityGlobals) = postSolution
		SolutionGuid = {31AF8267-BFD1-4003-92FD-D9DE25059A84}
	EndGlobalSection
EndGlobal
